
Microsoft Visual Studio Solution File, Format Version 12.00
# Visual Studio 15
VisualStudioVersion = 15.0.27428.2043
MinimumVisualStudioVersion = 10.0.40219.1
Project("{FAE04EC0-301F-11D3-BF4B-00C04F79EFBC}") = "OneTimePayment", "OneTimePayment\OneTimePayment.csproj", "{DAD28E6C-DAF3-453C-B975-731396431CA7}"
EndProject
Global
	GlobalSection(SolutionConfigurationPlatforms) = preSolution
		Debug|Any CPU = Debug|Any CPU
		Release|Any CPU = Release|Any CPU
	EndGlobalSection
	GlobalSection(ProjectConfigurationPlatforms) = postSolution
		{DAD28E6C-DAF3-453C-B975-731396431CA7}.Debug|Any CPU.ActiveCfg = Debug|Any CPU
		{DAD28E6C-DAF3-453C-B975-731396431CA7}.Debug|Any CPU.Build.0 = Debug|Any CPU
		{DAD28E6C-DAF3-453C-B975-731396431CA7}.Release|Any CPU.ActiveCfg = Release|Any CPU
		{DAD28E6C-DAF3-453C-B975-731396431CA7}.Release|Any CPU.Build.0 = Release|Any CPU
	EndGlobalSection
	GlobalSection(SolutionProperties) = preSolution
		HideSolutionNode = FALSE
	EndGlobalSection
	GlobalSection(ExtensibilityGlobals) = postSolution
		SolutionGuid = {AE6E2145-1B09-415B-AD83-04E112F4922E}
	EndGlobalSection
EndGlobal
